// !$*UTF8*$!
{
	archiveVersion = 1;
	classes = {
	};
	objectVersion = 46;
	objects = {

/* Begin PBXBuildFile section */
		06B859C9217F00B473417A22 /* Pods_tumblrUITests.framework in Frameworks */ = {isa = PBXBuildFile; fileRef = BCF59CF2D94EEB83228F7192 /* Pods_tumblrUITests.framework */; };
		4E256E97F12ABA7C7E661A3A /* Pods_tumblrTests.framework in Frameworks */ = {isa = PBXBuildFile; fileRef = 86D22BFC1A3A019F0E44A99A /* Pods_tumblrTests.framework */; };
		7E7531D61EFC476C00DA66DF /* PhotoDetailsViewController.swift in Sources */ = {isa = PBXBuildFile; fileRef = 7E7531D51EFC476C00DA66DF /* PhotoDetailsViewController.swift */; };
		813851B81EFAEB22005A26C8 /* AppDelegate.swift in Sources */ = {isa = PBXBuildFile; fileRef = 813851B71EFAEB22005A26C8 /* AppDelegate.swift */; };
		813851BD1EFAEB22005A26C8 /* Main.storyboard in Resources */ = {isa = PBXBuildFile; fileRef = 813851BB1EFAEB22005A26C8 /* Main.storyboard */; };
		813851BF1EFAEB22005A26C8 /* Assets.xcassets in Resources */ = {isa = PBXBuildFile; fileRef = 813851BE1EFAEB22005A26C8 /* Assets.xcassets */; };
		813851C21EFAEB22005A26C8 /* LaunchScreen.storyboard in Resources */ = {isa = PBXBuildFile; fileRef = 813851C01EFAEB22005A26C8 /* LaunchScreen.storyboard */; };
		813851CD1EFAEB22005A26C8 /* tumblrTests.swift in Sources */ = {isa = PBXBuildFile; fileRef = 813851CC1EFAEB22005A26C8 /* tumblrTests.swift */; };
		813851D81EFAEB22005A26C8 /* tumblrUITests.swift in Sources */ = {isa = PBXBuildFile; fileRef = 813851D71EFAEB22005A26C8 /* tumblrUITests.swift */; };
		813851E81EFAEF04005A26C8 /* PhotosViewController.swift in Sources */ = {isa = PBXBuildFile; fileRef = 813851E71EFAEF04005A26C8 /* PhotosViewController.swift */; };
		813851EA1EFAF2BC005A26C8 /* TumblrPhoto.swift in Sources */ = {isa = PBXBuildFile; fileRef = 813851E91EFAF2BC005A26C8 /* TumblrPhoto.swift */; };
		CDE03BD5CBDF16FD02FF3BA5 /* Pods_tumblr.framework in Frameworks */ = {isa = PBXBuildFile; fileRef = 59AF8846B3AEEB1ECE8308D1 /* Pods_tumblr.framework */; };
/* End PBXBuildFile section */

/* Begin PBXContainerItemProxy section */
		813851C91EFAEB22005A26C8 /* PBXContainerItemProxy */ = {
			isa = PBXContainerItemProxy;
			containerPortal = 813851AC1EFAEB22005A26C8 /* Project object */;
			proxyType = 1;
			remoteGlobalIDString = 813851B31EFAEB22005A26C8;
			remoteInfo = tumblr;
		};
		813851D41EFAEB22005A26C8 /* PBXContainerItemProxy */ = {
			isa = PBXContainerItemProxy;
			containerPortal = 813851AC1EFAEB22005A26C8 /* Project object */;
			proxyType = 1;
			remoteGlobalIDString = 813851B31EFAEB22005A26C8;
			remoteInfo = tumblr;
		};
/* End PBXContainerItemProxy section */

/* Begin PBXFileReference section */
		1F60ABD1C5D0BB883036A980 /* Pods-tumblr.debug.xcconfig */ = {isa = PBXFileReference; includeInIndex = 1; lastKnownFileType = text.xcconfig; name = "Pods-tumblr.debug.xcconfig"; path = "Pods/Target Support Files/Pods-tumblr/Pods-tumblr.debug.xcconfig"; sourceTree = "<group>"; };
		47590AAC55096F80FCF864FB /* Pods-tumblrUITests.release.xcconfig */ = {isa = PBXFileReference; includeInIndex = 1; lastKnownFileType = text.xcconfig; name = "Pods-tumblrUITests.release.xcconfig"; path = "Pods/Target Support Files/Pods-tumblrUITests/Pods-tumblrUITests.release.xcconfig"; sourceTree = "<group>"; };
		59AF8846B3AEEB1ECE8308D1 /* Pods_tumblr.framework */ = {isa = PBXFileReference; explicitFileType = wrapper.framework; includeInIndex = 0; path = Pods_tumblr.framework; sourceTree = BUILT_PRODUCTS_DIR; };
		7E7531D51EFC476C00DA66DF /* PhotoDetailsViewController.swift */ = {isa = PBXFileReference; fileEncoding = 4; lastKnownFileType = sourcecode.swift; path = PhotoDetailsViewController.swift; sourceTree = "<group>"; };
		813851B41EFAEB22005A26C8 /* tumblr.app */ = {isa = PBXFileReference; explicitFileType = wrapper.application; includeInIndex = 0; path = tumblr.app; sourceTree = BUILT_PRODUCTS_DIR; };
		813851B71EFAEB22005A26C8 /* AppDelegate.swift */ = {isa = PBXFileReference; lastKnownFileType = sourcecode.swift; path = AppDelegate.swift; sourceTree = "<group>"; };
		813851BC1EFAEB22005A26C8 /* Base */ = {isa = PBXFileReference; lastKnownFileType = file.storyboard; name = Base; path = Base.lproj/Main.storyboard; sourceTree = "<group>"; };
		813851BE1EFAEB22005A26C8 /* Assets.xcassets */ = {isa = PBXFileReference; lastKnownFileType = folder.assetcatalog; path = Assets.xcassets; sourceTree = "<group>"; };
		813851C11EFAEB22005A26C8 /* Base */ = {isa = PBXFileReference; lastKnownFileType = file.storyboard; name = Base; path = Base.lproj/LaunchScreen.storyboard; sourceTree = "<group>"; };
		813851C31EFAEB22005A26C8 /* Info.plist */ = {isa = PBXFileReference; lastKnownFileType = text.plist.xml; path = Info.plist; sourceTree = "<group>"; };
		813851C81EFAEB22005A26C8 /* tumblrTests.xctest */ = {isa = PBXFileReference; explicitFileType = wrapper.cfbundle; includeInIndex = 0; path = tumblrTests.xctest; sourceTree = BUILT_PRODUCTS_DIR; };
		813851CC1EFAEB22005A26C8 /* tumblrTests.swift */ = {isa = PBXFileReference; lastKnownFileType = sourcecode.swift; path = tumblrTests.swift; sourceTree = "<group>"; };
		813851CE1EFAEB22005A26C8 /* Info.plist */ = {isa = PBXFileReference; lastKnownFileType = text.plist.xml; path = Info.plist; sourceTree = "<group>"; };
		813851D31EFAEB22005A26C8 /* tumblrUITests.xctest */ = {isa = PBXFileReference; explicitFileType = wrapper.cfbundle; includeInIndex = 0; path = tumblrUITests.xctest; sourceTree = BUILT_PRODUCTS_DIR; };
		813851D71EFAEB22005A26C8 /* tumblrUITests.swift */ = {isa = PBXFileReference; lastKnownFileType = sourcecode.swift; path = tumblrUITests.swift; sourceTree = "<group>"; };
		813851D91EFAEB22005A26C8 /* Info.plist */ = {isa = PBXFileReference; lastKnownFileType = text.plist.xml; path = Info.plist; sourceTree = "<group>"; };
		813851E71EFAEF04005A26C8 /* PhotosViewController.swift */ = {isa = PBXFileReference; fileEncoding = 4; lastKnownFileType = sourcecode.swift; path = PhotosViewController.swift; sourceTree = "<group>"; };
		813851E91EFAF2BC005A26C8 /* TumblrPhoto.swift */ = {isa = PBXFileReference; fileEncoding = 4; lastKnownFileType = sourcecode.swift; path = TumblrPhoto.swift; sourceTree = "<group>"; };
		86D22BFC1A3A019F0E44A99A /* Pods_tumblrTests.framework */ = {isa = PBXFileReference; explicitFileType = wrapper.framework; includeInIndex = 0; path = Pods_tumblrTests.framework; sourceTree = BUILT_PRODUCTS_DIR; };
		876DC99A86036CC9B76DA7C3 /* Pods-tumblr.release.xcconfig */ = {isa = PBXFileReference; includeInIndex = 1; lastKnownFileType = text.xcconfig; name = "Pods-tumblr.release.xcconfig"; path = "Pods/Target Support Files/Pods-tumblr/Pods-tumblr.release.xcconfig"; sourceTree = "<group>"; };
		928D6C5AB849728C5FFBDE26 /* Pods-tumblrTests.release.xcconfig */ = {isa = PBXFileReference; includeInIndex = 1; lastKnownFileType = text.xcconfig; name = "Pods-tumblrTests.release.xcconfig"; path = "Pods/Target Support Files/Pods-tumblrTests/Pods-tumblrTests.release.xcconfig"; sourceTree = "<group>"; };
		9A35D575BC7813D748A63C87 /* Pods-tumblrUITests.debug.xcconfig */ = {isa = PBXFileReference; includeInIndex = 1; lastKnownFileType = text.xcconfig; name = "Pods-tumblrUITests.debug.xcconfig"; path = "Pods/Target Support Files/Pods-tumblrUITests/Pods-tumblrUITests.debug.xcconfig"; sourceTree = "<group>"; };
		BCF59CF2D94EEB83228F7192 /* Pods_tumblrUITests.framework */ = {isa = PBXFileReference; explicitFileType = wrapper.framework; includeInIndex = 0; path = Pods_tumblrUITests.framework; sourceTree = BUILT_PRODUCTS_DIR; };
		FAFF5CF09B80865B5989CCEB /* Pods-tumblrTests.debug.xcconfig */ = {isa = PBXFileReference; includeInIndex = 1; lastKnownFileType = text.xcconfig; name = "Pods-tumblrTests.debug.xcconfig"; path = "Pods/Target Support Files/Pods-tumblrTests/Pods-tumblrTests.debug.xcconfig"; sourceTree = "<group>"; };
/* End PBXFileReference section */

/* Begin PBXFrameworksBuildPhase section */
		813851B11EFAEB22005A26C8 /* Frameworks */ = {
			isa = PBXFrameworksBuildPhase;
			buildActionMask = 2147483647;
			files = (
				CDE03BD5CBDF16FD02FF3BA5 /* Pods_tumblr.framework in Frameworks */,
			);
			runOnlyForDeploymentPostprocessing = 0;
		};
		813851C51EFAEB22005A26C8 /* Frameworks */ = {
			isa = PBXFrameworksBuildPhase;
			buildActionMask = 2147483647;
			files = (
				4E256E97F12ABA7C7E661A3A /* Pods_tumblrTests.framework in Frameworks */,
			);
			runOnlyForDeploymentPostprocessing = 0;
		};
		813851D01EFAEB22005A26C8 /* Frameworks */ = {
			isa = PBXFrameworksBuildPhase;
			buildActionMask = 2147483647;
			files = (
				06B859C9217F00B473417A22 /* Pods_tumblrUITests.framework in Frameworks */,
			);
			runOnlyForDeploymentPostprocessing = 0;
		};
/* End PBXFrameworksBuildPhase section */

/* Begin PBXGroup section */
		813851AB1EFAEB22005A26C8 = {
			isa = PBXGroup;
			children = (
				813851B61EFAEB22005A26C8 /* tumblr */,
				813851CB1EFAEB22005A26C8 /* tumblrTests */,
				813851D61EFAEB22005A26C8 /* tumblrUITests */,
				813851B51EFAEB22005A26C8 /* Products */,
				B0CE4F5345AB0DA6BB1F6C88 /* Pods */,
				A2DFFBB84039D9C52370D3E9 /* Frameworks */,
			);
			sourceTree = "<group>";
		};
		813851B51EFAEB22005A26C8 /* Products */ = {
			isa = PBXGroup;
			children = (
				813851B41EFAEB22005A26C8 /* tumblr.app */,
				813851C81EFAEB22005A26C8 /* tumblrTests.xctest */,
				813851D31EFAEB22005A26C8 /* tumblrUITests.xctest */,
			);
			name = Products;
			sourceTree = "<group>";
		};
		813851B61EFAEB22005A26C8 /* tumblr */ = {
			isa = PBXGroup;
			children = (
				813851B71EFAEB22005A26C8 /* AppDelegate.swift */,
				813851BB1EFAEB22005A26C8 /* Main.storyboard */,
				813851BE1EFAEB22005A26C8 /* Assets.xcassets */,
				813851C01EFAEB22005A26C8 /* LaunchScreen.storyboard */,
				813851C31EFAEB22005A26C8 /* Info.plist */,
				813851E71EFAEF04005A26C8 /* PhotosViewController.swift */,
				813851E91EFAF2BC005A26C8 /* TumblrPhoto.swift */,
				7E7531D51EFC476C00DA66DF /* PhotoDetailsViewController.swift */,
			);
			path = tumblr;
			sourceTree = "<group>";
		};
		813851CB1EFAEB22005A26C8 /* tumblrTests */ = {
			isa = PBXGroup;
			children = (
				813851CC1EFAEB22005A26C8 /* tumblrTests.swift */,
				813851CE1EFAEB22005A26C8 /* Info.plist */,
			);
			path = tumblrTests;
			sourceTree = "<group>";
		};
		813851D61EFAEB22005A26C8 /* tumblrUITests */ = {
			isa = PBXGroup;
			children = (
				813851D71EFAEB22005A26C8 /* tumblrUITests.swift */,
				813851D91EFAEB22005A26C8 /* Info.plist */,
			);
			path = tumblrUITests;
			sourceTree = "<group>";
		};
		A2DFFBB84039D9C52370D3E9 /* Frameworks */ = {
			isa = PBXGroup;
			children = (
				59AF8846B3AEEB1ECE8308D1 /* Pods_tumblr.framework */,
				86D22BFC1A3A019F0E44A99A /* Pods_tumblrTests.framework */,
				BCF59CF2D94EEB83228F7192 /* Pods_tumblrUITests.framework */,
			);
			name = Frameworks;
			sourceTree = "<group>";
		};
		B0CE4F5345AB0DA6BB1F6C88 /* Pods */ = {
			isa = PBXGroup;
			children = (
				1F60ABD1C5D0BB883036A980 /* Pods-tumblr.debug.xcconfig */,
				876DC99A86036CC9B76DA7C3 /* Pods-tumblr.release.xcconfig */,
				FAFF5CF09B80865B5989CCEB /* Pods-tumblrTests.debug.xcconfig */,
				928D6C5AB849728C5FFBDE26 /* Pods-tumblrTests.release.xcconfig */,
				9A35D575BC7813D748A63C87 /* Pods-tumblrUITests.debug.xcconfig */,
				47590AAC55096F80FCF864FB /* Pods-tumblrUITests.release.xcconfig */,
			);
			name = Pods;
			sourceTree = "<group>";
		};
/* End PBXGroup section */

/* Begin PBXNativeTarget section */
		813851B31EFAEB22005A26C8 /* tumblr */ = {
			isa = PBXNativeTarget;
			buildConfigurationList = 813851DC1EFAEB22005A26C8 /* Build configuration list for PBXNativeTarget "tumblr" */;
			buildPhases = (
				73854B6E9123629F86AE548A /* [CP] Check Pods Manifest.lock */,
				813851B01EFAEB22005A26C8 /* Sources */,
				813851B11EFAEB22005A26C8 /* Frameworks */,
				813851B21EFAEB22005A26C8 /* Resources */,
				B27D22AD80F19CD6AA6C39BC /* [CP] Embed Pods Frameworks */,
				E57333A4C9D90E156665572C /* [CP] Copy Pods Resources */,
			);
			buildRules = (
			);
			dependencies = (
			);
			name = tumblr;
			productName = tumblr;
			productReference = 813851B41EFAEB22005A26C8 /* tumblr.app */;
			productType = "com.apple.product-type.application";
		};
		813851C71EFAEB22005A26C8 /* tumblrTests */ = {
			isa = PBXNativeTarget;
			buildConfigurationList = 813851DF1EFAEB22005A26C8 /* Build configuration list for PBXNativeTarget "tumblrTests" */;
			buildPhases = (
				D1FC9488C4B518E0FE53BA07 /* [CP] Check Pods Manifest.lock */,
				813851C41EFAEB22005A26C8 /* Sources */,
				813851C51EFAEB22005A26C8 /* Frameworks */,
				813851C61EFAEB22005A26C8 /* Resources */,
				2571CBCCBAF822643998CE92 /* [CP] Embed Pods Frameworks */,
				C554C2B9F264FA1A52307CEC /* [CP] Copy Pods Resources */,
			);
			buildRules = (
			);
			dependencies = (
				813851CA1EFAEB22005A26C8 /* PBXTargetDependency */,
			);
			name = tumblrTests;
			productName = tumblrTests;
			productReference = 813851C81EFAEB22005A26C8 /* tumblrTests.xctest */;
			productType = "com.apple.product-type.bundle.unit-test";
		};
		813851D21EFAEB22005A26C8 /* tumblrUITests */ = {
			isa = PBXNativeTarget;
			buildConfigurationList = 813851E21EFAEB22005A26C8 /* Build configuration list for PBXNativeTarget "tumblrUITests" */;
			buildPhases = (
				DF886533C59217248E896F2E /* [CP] Check Pods Manifest.lock */,
				813851CF1EFAEB22005A26C8 /* Sources */,
				813851D01EFAEB22005A26C8 /* Frameworks */,
				813851D11EFAEB22005A26C8 /* Resources */,
				9C275FAF789E13803E996A14 /* [CP] Embed Pods Frameworks */,
				1FB9A16B9A978FE725E92D4B /* [CP] Copy Pods Resources */,
			);
			buildRules = (
			);
			dependencies = (
				813851D51EFAEB22005A26C8 /* PBXTargetDependency */,
			);
			name = tumblrUITests;
			productName = tumblrUITests;
			productReference = 813851D31EFAEB22005A26C8 /* tumblrUITests.xctest */;
			productType = "com.apple.product-type.bundle.ui-testing";
		};
/* End PBXNativeTarget section */

/* Begin PBXProject section */
		813851AC1EFAEB22005A26C8 /* Project object */ = {
			isa = PBXProject;
			attributes = {
				LastSwiftUpdateCheck = 0830;
				LastUpgradeCheck = 0830;
				ORGANIZATIONNAME = "Audrey Jones";
				TargetAttributes = {
					813851B31EFAEB22005A26C8 = {
						CreatedOnToolsVersion = 8.3.2;
						ProvisioningStyle = Automatic;
					};
					813851C71EFAEB22005A26C8 = {
						CreatedOnToolsVersion = 8.3.2;
						ProvisioningStyle = Automatic;
						TestTargetID = 813851B31EFAEB22005A26C8;
					};
					813851D21EFAEB22005A26C8 = {
						CreatedOnToolsVersion = 8.3.2;
						ProvisioningStyle = Automatic;
						TestTargetID = 813851B31EFAEB22005A26C8;
					};
				};
			};
			buildConfigurationList = 813851AF1EFAEB22005A26C8 /* Build configuration list for PBXProject "tumblr" */;
			compatibilityVersion = "Xcode 3.2";
			developmentRegion = English;
			hasScannedForEncodings = 0;
			knownRegions = (
				en,
				Base,
			);
			mainGroup = 813851AB1EFAEB22005A26C8;
			productRefGroup = 813851B51EFAEB22005A26C8 /* Products */;
			projectDirPath = "";
			projectRoot = "";
			targets = (
				813851B31EFAEB22005A26C8 /* tumblr */,
				813851C71EFAEB22005A26C8 /* tumblrTests */,
				813851D21EFAEB22005A26C8 /* tumblrUITests */,
			);
		};
/* End PBXProject section */

/* Begin PBXResourcesBuildPhase section */
		813851B21EFAEB22005A26C8 /* Resources */ = {
			isa = PBXResourcesBuildPhase;
			buildActionMask = 2147483647;
			files = (
				813851C21EFAEB22005A26C8 /* LaunchScreen.storyboard in Resources */,
				813851BF1EFAEB22005A26C8 /* Assets.xcassets in Resources */,
				813851BD1EFAEB22005A26C8 /* Main.storyboard in Resources */,
			);
			runOnlyForDeploymentPostprocessing = 0;
		};
		813851C61EFAEB22005A26C8 /* Resources */ = {
			isa = PBXResourcesBuildPhase;
			buildActionMask = 2147483647;
			files = (
			);
			runOnlyForDeploymentPostprocessing = 0;
		};
		813851D11EFAEB22005A26C8 /* Resources */ = {
			isa = PBXResourcesBuildPhase;
			buildActionMask = 2147483647;
			files = (
			);
			runOnlyForDeploymentPostprocessing = 0;
		};
/* End PBXResourcesBuildPhase section */

/* Begin PBXShellScriptBuildPhase section */
		1FB9A16B9A978FE725E92D4B /* [CP] Copy Pods Resources */ = {
			isa = PBXShellScriptBuildPhase;
			buildActionMask = 2147483647;
			files = (
			);
			inputPaths = (
			);
			name = "[CP] Copy Pods Resources";
			outputPaths = (
			);
			runOnlyForDeploymentPostprocessing = 0;
			shellPath = /bin/sh;
			shellScript = "\"${SRCROOT}/Pods/Target Support Files/Pods-tumblrUITests/Pods-tumblrUITests-resources.sh\"\n";
			showEnvVarsInLog = 0;
		};
		2571CBCCBAF822643998CE92 /* [CP] Embed Pods Frameworks */ = {
			isa = PBXShellScriptBuildPhase;
			buildActionMask = 2147483647;
			files = (
			);
			inputPaths = (
			);
			name = "[CP] Embed Pods Frameworks";
			outputPaths = (
			);
			runOnlyForDeploymentPostprocessing = 0;
			shellPath = /bin/sh;
			shellScript = "\"${SRCROOT}/Pods/Target Support Files/Pods-tumblrTests/Pods-tumblrTests-frameworks.sh\"\n";
			showEnvVarsInLog = 0;
		};
		73854B6E9123629F86AE548A /* [CP] Check Pods Manifest.lock */ = {
			isa = PBXShellScriptBuildPhase;
			buildActionMask = 2147483647;
			files = (
			);
			inputPaths = (
			);
			name = "[CP] Check Pods Manifest.lock";
			outputPaths = (
			);
			runOnlyForDeploymentPostprocessing = 0;
			shellPath = /bin/sh;
			shellScript = "diff \"${PODS_PODFILE_DIR_PATH}/Podfile.lock\" \"${PODS_ROOT}/Manifest.lock\" > /dev/null\nif [ $? != 0 ] ; then\n    # print error to STDERR\n    echo \"error: The sandbox is not in sync with the Podfile.lock. Run 'pod install' or update your CocoaPods installation.\" >&2\n    exit 1\nfi\n";
			showEnvVarsInLog = 0;
		};
		9C275FAF789E13803E996A14 /* [CP] Embed Pods Frameworks */ = {
			isa = PBXShellScriptBuildPhase;
			buildActionMask = 2147483647;
			files = (
			);
			inputPaths = (
			);
			name = "[CP] Embed Pods Frameworks";
			outputPaths = (
			);
			runOnlyForDeploymentPostprocessing = 0;
			shellPath = /bin/sh;
			shellScript = "\"${SRCROOT}/Pods/Target Support Files/Pods-tumblrUITests/Pods-tumblrUITests-frameworks.sh\"\n";
			showEnvVarsInLog = 0;
		};
		B27D22AD80F19CD6AA6C39BC /* [CP] Embed Pods Frameworks */ = {
			isa = PBXShellScriptBuildPhase;
			buildActionMask = 2147483647;
			files = (
			);
			inputPaths = (
			);
			name = "[CP] Embed Pods Frameworks";
			outputPaths = (
			);
			runOnlyForDeploymentPostprocessing = 0;
			shellPath = /bin/sh;
			shellScript = "\"${SRCROOT}/Pods/Target Support Files/Pods-tumblr/Pods-tumblr-frameworks.sh\"\n";
			showEnvVarsInLog = 0;
		};
		C554C2B9F264FA1A52307CEC /* [CP] Copy Pods Resources */ = {
			isa = PBXShellScriptBuildPhase;
			buildActionMask = 2147483647;
			files = (
			);
			inputPaths = (
			);
			name = "[CP] Copy Pods Resources";
			outputPaths = (
			);
			runOnlyForDeploymentPostprocessing = 0;
			shellPath = /bin/sh;
			shellScript = "\"${SRCROOT}/Pods/Target Support Files/Pods-tumblrTests/Pods-tumblrTests-resources.sh\"\n";
			showEnvVarsInLog = 0;
		};
		D1FC9488C4B518E0FE53BA07 /* [CP] Check Pods Manifest.lock */ = {
			isa = PBXShellScriptBuildPhase;
			buildActionMask = 2147483647;
			files = (
			);
			inputPaths = (
			);
			name = "[CP] Check Pods Manifest.lock";
			outputPaths = (
			);
			runOnlyForDeploymentPostprocessing = 0;
			shellPath = /bin/sh;
			shellScript = "diff \"${PODS_PODFILE_DIR_PATH}/Podfile.lock\" \"${PODS_ROOT}/Manifest.lock\" > /dev/null\nif [ $? != 0 ] ; then\n    # print error to STDERR\n    echo \"error: The sandbox is not in sync with the Podfile.lock. Run 'pod install' or update your CocoaPods installation.\" >&2\n    exit 1\nfi\n";
			showEnvVarsInLog = 0;
		};
		DF886533C59217248E896F2E /* [CP] Check Pods Manifest.lock */ = {
			isa = PBXShellScriptBuildPhase;
			buildActionMask = 2147483647;
			files = (
			);
			inputPaths = (
			);
			name = "[CP] Check Pods Manifest.lock";
			outputPaths = (
			);
			runOnlyForDeploymentPostprocessing = 0;
			shellPath = /bin/sh;
			shellScript = "diff \"${PODS_PODFILE_DIR_PATH}/Podfile.lock\" \"${PODS_ROOT}/Manifest.lock\" > /dev/null\nif [ $? != 0 ] ; then\n    # print error to STDERR\n    echo \"error: The sandbox is not in sync with the Podfile.lock. Run 'pod install' or update your CocoaPods installation.\" >&2\n    exit 1\nfi\n";
			showEnvVarsInLog = 0;
		};
		E57333A4C9D90E156665572C /* [CP] Copy Pods Resources */ = {
			isa = PBXShellScriptBuildPhase;
			buildActionMask = 2147483647;
			files = (
			);
			inputPaths = (
			);
			name = "[CP] Copy Pods Resources";
			outputPaths = (
			);
			runOnlyForDeploymentPostprocessing = 0;
			shellPath = /bin/sh;
			shellScript = "\"${SRCROOT}/Pods/Target Support Files/Pods-tumblr/Pods-tumblr-resources.sh\"\n";
			showEnvVarsInLog = 0;
		};
/* End PBXShellScriptBuildPhase section */

/* Begin PBXSourcesBuildPhase section */
		813851B01EFAEB22005A26C8 /* Sources */ = {
			isa = PBXSourcesBuildPhase;
			buildActionMask = 2147483647;
			files = (
				7E7531D61EFC476C00DA66DF /* PhotoDetailsViewController.swift in Sources */,
				813851B81EFAEB22005A26C8 /* AppDelegate.swift in Sources */,
				813851EA1EFAF2BC005A26C8 /* TumblrPhoto.swift in Sources */,
				813851E81EFAEF04005A26C8 /* PhotosViewController.swift in Sources */,
			);
			runOnlyForDeploymentPostprocessing = 0;
		};
		813851C41EFAEB22005A26C8 /* Sources */ = {
			isa = PBXSourcesBuildPhase;
			buildActionMask = 2147483647;
			files = (
				813851CD1EFAEB22005A26C8 /* tumblrTests.swift in Sources */,
			);
			runOnlyForDeploymentPostprocessing = 0;
		};
		813851CF1EFAEB22005A26C8 /* Sources */ = {
			isa = PBXSourcesBuildPhase;
			buildActionMask = 2147483647;
			files = (
				813851D81EFAEB22005A26C8 /* tumblrUITests.swift in Sources */,
			);
			runOnlyForDeploymentPostprocessing = 0;
		};
/* End PBXSourcesBuildPhase section */

/* Begin PBXTargetDependency section */
		813851CA1EFAEB22005A26C8 /* PBXTargetDependency */ = {
			isa = PBXTargetDependency;
			target = 813851B31EFAEB22005A26C8 /* tumblr */;
			targetProxy = 813851C91EFAEB22005A26C8 /* PBXContainerItemProxy */;
		};
		813851D51EFAEB22005A26C8 /* PBXTargetDependency */ = {
			isa = PBXTargetDependency;
			target = 813851B31EFAEB22005A26C8 /* tumblr */;
			targetProxy = 813851D41EFAEB22005A26C8 /* PBXContainerItemProxy */;
		};
/* End PBXTargetDependency section */

/* Begin PBXVariantGroup section */
		813851BB1EFAEB22005A26C8 /* Main.storyboard */ = {
			isa = PBXVariantGroup;
			children = (
				813851BC1EFAEB22005A26C8 /* Base */,
			);
			name = Main.storyboard;
			sourceTree = "<group>";
		};
		813851C01EFAEB22005A26C8 /* LaunchScreen.storyboard */ = {
			isa = PBXVariantGroup;
			children = (
				813851C11EFAEB22005A26C8 /* Base */,
			);
			name = LaunchScreen.storyboard;
			sourceTree = "<group>";
		};
/* End PBXVariantGroup section */

/* Begin XCBuildConfiguration section */
		813851DA1EFAEB22005A26C8 /* Debug */ = {
			isa = XCBuildConfiguration;
			buildSettings = {
				ALWAYS_SEARCH_USER_PATHS = NO;
				CLANG_ANALYZER_NONNULL = YES;
				CLANG_ANALYZER_NUMBER_OBJECT_CONVERSION = YES_AGGRESSIVE;
				CLANG_CXX_LANGUAGE_STANDARD = "gnu++0x";
				CLANG_CXX_LIBRARY = "libc++";
				CLANG_ENABLE_MODULES = YES;
				CLANG_ENABLE_OBJC_ARC = YES;
				CLANG_WARN_BOOL_CONVERSION = YES;
				CLANG_WARN_CONSTANT_CONVERSION = YES;
				CLANG_WARN_DIRECT_OBJC_ISA_USAGE = YES_ERROR;
				CLANG_WARN_DOCUMENTATION_COMMENTS = YES;
				CLANG_WARN_EMPTY_BODY = YES;
				CLANG_WARN_ENUM_CONVERSION = YES;
				CLANG_WARN_INFINITE_RECURSION = YES;
				CLANG_WARN_INT_CONVERSION = YES;
				CLANG_WARN_OBJC_ROOT_CLASS = YES_ERROR;
				CLANG_WARN_SUSPICIOUS_MOVE = YES;
				CLANG_WARN_UNREACHABLE_CODE = YES;
				CLANG_WARN__DUPLICATE_METHOD_MATCH = YES;
				"CODE_SIGN_IDENTITY[sdk=iphoneos*]" = "iPhone Developer";
				COPY_PHASE_STRIP = NO;
				DEBUG_INFORMATION_FORMAT = dwarf;
				ENABLE_STRICT_OBJC_MSGSEND = YES;
				ENABLE_TESTABILITY = YES;
				GCC_C_LANGUAGE_STANDARD = gnu99;
				GCC_DYNAMIC_NO_PIC = NO;
				GCC_NO_COMMON_BLOCKS = YES;
				GCC_OPTIMIZATION_LEVEL = 0;
				GCC_PREPROCESSOR_DEFINITIONS = (
					"DEBUG=1",
					"$(inherited)",
				);
				GCC_WARN_64_TO_32_BIT_CONVERSION = YES;
				GCC_WARN_ABOUT_RETURN_TYPE = YES_ERROR;
				GCC_WARN_UNDECLARED_SELECTOR = YES;
				GCC_WARN_UNINITIALIZED_AUTOS = YES_AGGRESSIVE;
				GCC_WARN_UNUSED_FUNCTION = YES;
				GCC_WARN_UNUSED_VARIABLE = YES;
				IPHONEOS_DEPLOYMENT_TARGET = 10.3;
				MTL_ENABLE_DEBUG_INFO = YES;
				ONLY_ACTIVE_ARCH = YES;
				SDKROOT = iphoneos;
				SWIFT_ACTIVE_COMPILATION_CONDITIONS = DEBUG;
				SWIFT_OPTIMIZATION_LEVEL = "-Onone";
				TARGETED_DEVICE_FAMILY = "1,2";
			};
			name = Debug;
		};
		813851DB1EFAEB22005A26C8 /* Release */ = {
			isa = XCBuildConfiguration;
			buildSettings = {
				ALWAYS_SEARCH_USER_PATHS = NO;
				CLANG_ANALYZER_NONNULL = YES;
				CLANG_ANALYZER_NUMBER_OBJECT_CONVERSION = YES_AGGRESSIVE;
				CLANG_CXX_LANGUAGE_STANDARD = "gnu++0x";
				CLANG_CXX_LIBRARY = "libc++";
				CLANG_ENABLE_MODULES = YES;
				CLANG_ENABLE_OBJC_ARC = YES;
				CLANG_WARN_BOOL_CONVERSION = YES;
				CLANG_WARN_CONSTANT_CONVERSION = YES;
				CLANG_WARN_DIRECT_OBJC_ISA_USAGE = YES_ERROR;
				CLANG_WARN_DOCUMENTATION_COMMENTS = YES;
				CLANG_WARN_EMPTY_BODY = YES;
				CLANG_WARN_ENUM_CONVERSION = YES;
				CLANG_WARN_INFINITE_RECURSION = YES;
				CLANG_WARN_INT_CONVERSION = YES;
				CLANG_WARN_OBJC_ROOT_CLASS = YES_ERROR;
				CLANG_WARN_SUSPICIOUS_MOVE = YES;
				CLANG_WARN_UNREACHABLE_CODE = YES;
				CLANG_WARN__DUPLICATE_METHOD_MATCH = YES;
				"CODE_SIGN_IDENTITY[sdk=iphoneos*]" = "iPhone Developer";
				COPY_PHASE_STRIP = NO;
				DEBUG_INFORMATION_FORMAT = "dwarf-with-dsym";
				ENABLE_NS_ASSERTIONS = NO;
				ENABLE_STRICT_OBJC_MSGSEND = YES;
				GCC_C_LANGUAGE_STANDARD = gnu99;
				GCC_NO_COMMON_BLOCKS = YES;
				GCC_WARN_64_TO_32_BIT_CONVERSION = YES;
				GCC_WARN_ABOUT_RETURN_TYPE = YES_ERROR;
				GCC_WARN_UNDECLARED_SELECTOR = YES;
				GCC_WARN_UNINITIALIZED_AUTOS = YES_AGGRESSIVE;
				GCC_WARN_UNUSED_FUNCTION = YES;
				GCC_WARN_UNUSED_VARIABLE = YES;
				IPHONEOS_DEPLOYMENT_TARGET = 10.3;
				MTL_ENABLE_DEBUG_INFO = NO;
				SDKROOT = iphoneos;
				SWIFT_OPTIMIZATION_LEVEL = "-Owholemodule";
				TARGETED_DEVICE_FAMILY = "1,2";
				VALIDATE_PRODUCT = YES;
			};
			name = Release;
		};
		813851DD1EFAEB22005A26C8 /* Debug */ = {
			isa = XCBuildConfiguration;
			baseConfigurationReference = 1F60ABD1C5D0BB883036A980 /* Pods-tumblr.debug.xcconfig */;
			buildSettings = {
				ASSETCATALOG_COMPILER_APPICON_NAME = AppIcon;
				INFOPLIST_FILE = tumblr/Info.plist;
				LD_RUNPATH_SEARCH_PATHS = "$(inherited) @executable_path/Frameworks";
				PRODUCT_BUNDLE_IDENTIFIER = com.audrey.tumblr;
				PRODUCT_NAME = "$(TARGET_NAME)";
				SWIFT_VERSION = 3.0;
			};
			name = Debug;
		};
		813851DE1EFAEB22005A26C8 /* Release */ = {
			isa = XCBuildConfiguration;
			baseConfigurationReference = 876DC99A86036CC9B76DA7C3 /* Pods-tumblr.release.xcconfig */;
			buildSettings = {
				ASSETCATALOG_COMPILER_APPICON_NAME = AppIcon;
				INFOPLIST_FILE = tumblr/Info.plist;
				LD_RUNPATH_SEARCH_PATHS = "$(inherited) @executable_path/Frameworks";
				PRODUCT_BUNDLE_IDENTIFIER = com.audrey.tumblr;
				PRODUCT_NAME = "$(TARGET_NAME)";
				SWIFT_VERSION = 3.0;
			};
			name = Release;
		};
		813851E01EFAEB22005A26C8 /* Debug */ = {
			isa = XCBuildConfiguration;
			baseConfigurationReference = FAFF5CF09B80865B5989CCEB /* Pods-tumblrTests.debug.xcconfig */;
			buildSettings = {
				ALWAYS_EMBED_SWIFT_STANDARD_LIBRARIES = YES;
				BUNDLE_LOADER = "$(TEST_HOST)";
				INFOPLIST_FILE = tumblrTests/Info.plist;
				LD_RUNPATH_SEARCH_PATHS = "$(inherited) @executable_path/Frameworks @loader_path/Frameworks";
				PRODUCT_BUNDLE_IDENTIFIER = com.audrey.tumblrTests;
				PRODUCT_NAME = "$(TARGET_NAME)";
				SWIFT_VERSION = 3.0;
				TEST_HOST = "$(BUILT_PRODUCTS_DIR)/tumblr.app/tumblr";
			};
			name = Debug;
		};
		813851E11EFAEB22005A26C8 /* Release */ = {
			isa = XCBuildConfiguration;
			baseConfigurationReference = 928D6C5AB849728C5FFBDE26 /* Pods-tumblrTests.release.xcconfig */;
			buildSettings = {
				ALWAYS_EMBED_SWIFT_STANDARD_LIBRARIES = YES;
				BUNDLE_LOADER = "$(TEST_HOST)";
				INFOPLIST_FILE = tumblrTests/Info.plist;
				LD_RUNPATH_SEARCH_PATHS = "$(inherited) @executable_path/Frameworks @loader_path/Frameworks";
				PRODUCT_BUNDLE_IDENTIFIER = com.audrey.tumblrTests;
				PRODUCT_NAME = "$(TARGET_NAME)";
				SWIFT_VERSION = 3.0;
				TEST_HOST = "$(BUILT_PRODUCTS_DIR)/tumblr.app/tumblr";
			};
			name = Release;
		};
		813851E31EFAEB22005A26C8 /* Debug */ = {
			isa = XCBuildConfiguration;
			baseConfigurationReference = 9A35D575BC7813D748A63C87 /* Pods-tumblrUITests.debug.xcconfig */;
			buildSettings = {
				ALWAYS_EMBED_SWIFT_STANDARD_LIBRARIES = YES;
				INFOPLIST_FILE = tumblrUITests/Info.plist;
				LD_RUNPATH_SEARCH_PATHS = "$(inherited) @executable_path/Frameworks @loader_path/Frameworks";
				PRODUCT_BUNDLE_IDENTIFIER = com.audrey.tumblrUITests;
				PRODUCT_NAME = "$(TARGET_NAME)";
				SWIFT_VERSION = 3.0;
				TEST_TARGET_NAME = tumblr;
			};
			name = Debug;
		};
		813851E41EFAEB22005A26C8 /* Release */ = {
			isa = XCBuildConfiguration;
			baseConfigurationReference = 47590AAC55096F80FCF864FB /* Pods-tumblrUITests.release.xcconfig */;
			buildSettings = {
				ALWAYS_EMBED_SWIFT_STANDARD_LIBRARIES = YES;
				INFOPLIST_FILE = tumblrUITests/Info.plist;
				LD_RUNPATH_SEARCH_PATHS = "$(inherited) @executable_path/Frameworks @loader_path/Frameworks";
				PRODUCT_BUNDLE_IDENTIFIER = com.audrey.tumblrUITests;
				PRODUCT_NAME = "$(TARGET_NAME)";
				SWIFT_VERSION = 3.0;
				TEST_TARGET_NAME = tumblr;
			};
			name = Release;
		};
/* End XCBuildConfiguration section */

/* Begin XCConfigurationList section */
		813851AF1EFAEB22005A26C8 /* Build configuration list for PBXProject "tumblr" */ = {
			isa = XCConfigurationList;
			buildConfigurations = (
				813851DA1EFAEB22005A26C8 /* Debug */,
				813851DB1EFAEB22005A26C8 /* Release */,
			);
			defaultConfigurationIsVisible = 0;
			defaultConfigurationName = Release;
		};
		813851DC1EFAEB22005A26C8 /* Build configuration list for PBXNativeTarget "tumblr" */ = {
			isa = XCConfigurationList;
			buildConfigurations = (
				813851DD1EFAEB22005A26C8 /* Debug */,
				813851DE1EFAEB22005A26C8 /* Release */,
			);
			defaultConfigurationIsVisible = 0;
			defaultConfigurationName = Release;
		};
		813851DF1EFAEB22005A26C8 /* Build configuration list for PBXNativeTarget "tumblrTests" */ = {
			isa = XCConfigurationList;
			buildConfigurations = (
				813851E01EFAEB22005A26C8 /* Debug */,
				813851E11EFAEB22005A26C8 /* Release */,
			);
			defaultConfigurationIsVisible = 0;
			defaultConfigurationName = Release;
		};
		813851E21EFAEB22005A26C8 /* Build configuration list for PBXNativeTarget "tumblrUITests" */ = {
			isa = XCConfigurationList;
			buildConfigurations = (
				813851E31EFAEB22005A26C8 /* Debug */,
				813851E41EFAEB22005A26C8 /* Release */,
			);
			defaultConfigurationIsVisible = 0;
			defaultConfigurationName = Release;
		};
/* End XCConfigurationList section */
	};
	rootObject = 813851AC1EFAEB22005A26C8 /* Project object */;
}
